{
  "projects": [
    {
      "projectId": "8PtdGodUbexNYgkuyBUcWu",
      "version": "3.25.0",
      "dependencies": {},
      "lang": "ts",
      "fileLocks": [
        {
          "assetId": "8PtdGodUbexNYgkuyBUcWu",
          "type": "projectCss",
          "checksum": "9440f91b1e8169311ba244276a5922c3"
        },
        {
          "assetId": "8PtdGodUbexNYgkuyBUcWu",
          "checksum": "34a063f27f0b27a7d1d344bc6b5252c5",
          "type": "globalContexts"
        }
      ],
      "codegenVersion": "0.0.1"
    },
    {
      "projectId": "sAm7j9mZDvyUmEcguggAEZ",
      "version": "latest",
      "dependencies": {
        "8PtdGodUbexNYgkuyBUcWu": "3.25.0",
        "caTPwKxj5ZrD9LQ7DMdK4Z": "3.38.0"
      },
      "lang": "ts",
      "fileLocks": [
        {
          "type": "globalVariant",
          "assetId": "WbSvjcbuSqcK",
          "checksum": "e1d5c97df14d6845902ef9d3449dc94a"
        },
        {
          "assetId": "sAm7j9mZDvyUmEcguggAEZ",
          "checksum": "80bce06285cec9f4818705274f0dbfd5",
          "type": "globalContexts"
        },
        {
          "type": "renderModule",
          "assetId": "CQD8Pxr96jbL",
          "checksum": "43e36004a7d26e0ca6ce0750b9d66cc0"
        },
        {
          "type": "cssRules",
          "assetId": "CQD8Pxr96jbL",
          "checksum": "43e36004a7d26e0ca6ce0750b9d66cc0"
        },
        {
          "type": "renderModule",
          "assetId": "cAXqSs1VbbDV",
          "checksum": "f1dc27ec70937faee4385de15f5bc5b0"
        },
        {
          "type": "cssRules",
          "assetId": "cAXqSs1VbbDV",
          "checksum": "f1dc27ec70937faee4385de15f5bc5b0"
        },
        {
          "type": "renderModule",
          "assetId": "9FFQvMvxZbIZ",
          "checksum": "0c0799022470195b93acab9625ef98c5"
        },
        {
          "type": "cssRules",
          "assetId": "9FFQvMvxZbIZ",
          "checksum": "0c0799022470195b93acab9625ef98c5"
        },
        {
          "type": "renderModule",
          "assetId": "MkhwwcjTHS98",
          "checksum": "02495408a2257836262f9d09e5f60080"
        },
        {
          "type": "cssRules",
          "assetId": "MkhwwcjTHS98",
          "checksum": "02495408a2257836262f9d09e5f60080"
        },
        {
          "type": "renderModule",
          "assetId": "12wSeGIcfcjG",
          "checksum": "65f0b76c92c1cecbbe65a123f144bbf0"
        },
        {
          "type": "cssRules",
          "assetId": "12wSeGIcfcjG",
          "checksum": "65f0b76c92c1cecbbe65a123f144bbf0"
        },
        {
          "type": "renderModule",
          "assetId": "V5wBCgG6NMHK",
          "checksum": "1ea97629490af416a19b3665fb2d1ac0"
        },
        {
          "type": "cssRules",
          "assetId": "V5wBCgG6NMHK",
          "checksum": "1ea97629490af416a19b3665fb2d1ac0"
        },
        {
          "type": "renderModule",
          "assetId": "Ya1Lo3itYxCg",
          "checksum": "63f0dc2c1ab94f950b5e6d8c5d208823"
        },
        {
          "type": "cssRules",
          "assetId": "Ya1Lo3itYxCg",
          "checksum": "63f0dc2c1ab94f950b5e6d8c5d208823"
        },
        {
          "type": "renderModule",
          "assetId": "WSo1encmaQLR",
          "checksum": "95d5c7d36de69e4beca8abc214dfde0f"
        },
        {
          "type": "cssRules",
          "assetId": "WSo1encmaQLR",
          "checksum": "95d5c7d36de69e4beca8abc214dfde0f"
        },
        {
          "type": "renderModule",
          "assetId": "Sg4ECxtshw6E",
          "checksum": "efa8d449fa673cc6921bba6a2ebab32d"
        },
        {
          "type": "cssRules",
          "assetId": "Sg4ECxtshw6E",
          "checksum": "efa8d449fa673cc6921bba6a2ebab32d"
        },
        {
          "type": "renderModule",
          "assetId": "LvzZwu2COXKn",
          "checksum": "2f7f3190803bebe6123552e24ef4f0b6"
        },
        {
          "type": "cssRules",
          "assetId": "LvzZwu2COXKn",
          "checksum": "2f7f3190803bebe6123552e24ef4f0b6"
        },
        {
          "type": "renderModule",
          "assetId": "D_-29DFy6get",
          "checksum": "20d5b0893bc81804cadf62ead44a6dc0"
        },
        {
          "type": "cssRules",
          "assetId": "D_-29DFy6get",
          "checksum": "20d5b0893bc81804cadf62ead44a6dc0"
        },
        {
          "type": "renderModule",
          "assetId": "fpGcqQ82peL5",
          "checksum": "7e3461dbf38d570fbc7fcf42454a085c"
        },
        {
          "type": "cssRules",
          "assetId": "fpGcqQ82peL5",
          "checksum": "7e3461dbf38d570fbc7fcf42454a085c"
        },
        {
          "type": "renderModule",
          "assetId": "MSMlbw5YAR6C",
          "checksum": "2083d31e9f0af1ed77a37f275b0a02fb"
        },
        {
          "type": "cssRules",
          "assetId": "MSMlbw5YAR6C",
          "checksum": "2083d31e9f0af1ed77a37f275b0a02fb"
        },
        {
          "type": "renderModule",
          "assetId": "AuAxc9cZuA_4",
          "checksum": "f9df81d082dc439054ad2ab0f1267e99"
        },
        {
          "type": "cssRules",
          "assetId": "AuAxc9cZuA_4",
          "checksum": "f9df81d082dc439054ad2ab0f1267e99"
        },
        {
          "type": "renderModule",
          "assetId": "GuyG08-Cxz2f",
          "checksum": "b0f1ede6cec5d27798c86477beb685fe"
        },
        {
          "type": "cssRules",
          "assetId": "GuyG08-Cxz2f",
          "checksum": "b0f1ede6cec5d27798c86477beb685fe"
        },
        {
          "type": "icon",
          "assetId": "TE_sY4vbhrOu",
          "checksum": "e0fbace82c917809feaa746ea95ea530"
        },
        {
          "type": "icon",
          "assetId": "0-6OlSUyBVv6",
          "checksum": "fcf535a9f78467ec6068ce8fa78cf42b"
        },
        {
          "type": "icon",
          "assetId": "h_0_6QYFY5gx",
          "checksum": "9be360a505b2e31fe8e0ade79ddc18c1"
        },
        {
          "type": "icon",
          "assetId": "Xm67rv5XIDfl",
          "checksum": "94f6decf1af7ca53902d75c973de838c"
        },
        {
          "type": "icon",
          "assetId": "YW6sjaLFknpv",
          "checksum": "49e94b43a5cc99d4916b52ccc81ea621"
        },
        {
          "type": "icon",
          "assetId": "7It9WrAHne4M",
          "checksum": "93f49d774e85a3465ec37a1e02b3bc89"
        },
        {
          "type": "image",
          "assetId": "FZXOfFi40K58",
          "checksum": "5586556c93650943630fd2e3a0781fbd"
        },
        {
          "type": "image",
          "assetId": "NzqBkp_716yj",
          "checksum": "1dc84fd6252ff69edd55202a17a6a43c"
        },
        {
          "type": "image",
          "assetId": "uFr13WwqSqEi",
          "checksum": "5265818b94e710d1657ceaa8340ad4aa"
        },
        {
          "type": "image",
          "assetId": "PYVfG3PpEE_o",
          "checksum": "dd575e20daefecd0b5dd7d924a597b55"
        },
        {
          "type": "image",
          "assetId": "NAg8Sv-LITss",
          "checksum": "edd41f892a531cba40444041c79b1c08"
        },
        {
          "type": "image",
          "assetId": "1tfEgx-ad-PI",
          "checksum": "94f3b646ec8b8d2ca265ff95827a01db"
        },
        {
          "type": "image",
          "assetId": "ABbvbXN2ogfg",
          "checksum": "c0ca754f2f5512d8852e119bdbe2a1a0"
        },
        {
          "type": "image",
          "assetId": "XJF1nN0eE_6p",
          "checksum": "675d6f9e8e4defe3437f089ccdf7015b"
        },
        {
          "type": "image",
          "assetId": "O_pka7cHprRC",
          "checksum": "5aea85d064b120abdb5af406981c0937"
        },
        {
          "type": "image",
          "assetId": "6Cn5Fim_gpTZ",
          "checksum": "c9e571808db5221fb8bcb7b5bb3bed67"
        },
        {
          "type": "image",
          "assetId": "aAZXFg_mhpTM",
          "checksum": "d96bae18957640f7b31e016ee68c6d90"
        },
        {
          "type": "image",
          "assetId": "xHjHwWycEN8a",
          "checksum": "7ee32973260c60eb95fe542daf261d09"
        },
        {
          "assetId": "sAm7j9mZDvyUmEcguggAEZ",
          "type": "projectCss",
          "checksum": "dcb7cbcd3cca8134320cb73568789cdf"
        }
      ],
      "codegenVersion": "0.0.1"
    },
    {
      "projectId": "caTPwKxj5ZrD9LQ7DMdK4Z",
      "version": "3.38.0",
      "dependencies": {},
      "lang": "ts",
      "fileLocks": [
        {
          "assetId": "caTPwKxj5ZrD9LQ7DMdK4Z",
          "type": "projectCss",
          "checksum": "1c02168c6b23256606111fdfdbb63549"
        }
      ],
      "codegenVersion": "0.0.1"
    }
  ],
  "cliVersion": "0.1.334"
}
