{
  "projects": [
    {
      "projectId": "8PtdGodUbexNYgkuyBUcWu",
      "version": "3.27.0",
      "dependencies": {},
      "lang": "ts",
      "fileLocks": [
        {
          "assetId": "8PtdGodUbexNYgkuyBUcWu",
          "checksum": "34a063f27f0b27a7d1d344bc6b5252c5",
          "type": "globalContexts"
        },
        {
          "assetId": "8PtdGodUbexNYgkuyBUcWu",
          "type": "projectCss",
          "checksum": "9440f91b1e8169311ba244276a5922c3"
        }
      ],
      "codegenVersion": "0.0.1"
    },
    {
      "projectId": "sAm7j9mZDvyUmEcguggAEZ",
      "version": "latest",
      "dependencies": {
        "8PtdGodUbexNYgkuyBUcWu": "3.27.0",
        "caTPwKxj5ZrD9LQ7DMdK4Z": "3.40.0"
      },
      "lang": "ts",
      "fileLocks": [
        {
          "type": "globalVariant",
          "assetId": "WbSvjcbuSqcK",
          "checksum": "e1d5c97df14d6845902ef9d3449dc94a"
        },
        {
          "assetId": "sAm7j9mZDvyUmEcguggAEZ",
          "checksum": "80bce06285cec9f4818705274f0dbfd5",
          "type": "globalContexts"
        },
        {
          "type": "renderModule",
          "assetId": "cAXqSs1VbbDV",
          "checksum": "327c59e1310a2ac6cbdb38532b2ba916"
        },
        {
          "type": "cssRules",
          "assetId": "cAXqSs1VbbDV",
          "checksum": "327c59e1310a2ac6cbdb38532b2ba916"
        },
        {
          "type": "renderModule",
          "assetId": "9FFQvMvxZbIZ",
          "checksum": "43b1048a656b12f637cd6b6877dacfb2"
        },
        {
          "type": "cssRules",
          "assetId": "9FFQvMvxZbIZ",
          "checksum": "43b1048a656b12f637cd6b6877dacfb2"
        },
        {
          "type": "renderModule",
          "assetId": "MkhwwcjTHS98",
          "checksum": "ce00a15ccf526c4ce384efa99e9c0703"
        },
        {
          "type": "cssRules",
          "assetId": "MkhwwcjTHS98",
          "checksum": "ce00a15ccf526c4ce384efa99e9c0703"
        },
        {
          "type": "renderModule",
          "assetId": "12wSeGIcfcjG",
          "checksum": "8e95ca540fe639702ff76f1d3811182a"
        },
        {
          "type": "cssRules",
          "assetId": "12wSeGIcfcjG",
          "checksum": "8e95ca540fe639702ff76f1d3811182a"
        },
        {
          "type": "renderModule",
          "assetId": "V5wBCgG6NMHK",
          "checksum": "1ea97629490af416a19b3665fb2d1ac0"
        },
        {
          "type": "cssRules",
          "assetId": "V5wBCgG6NMHK",
          "checksum": "1ea97629490af416a19b3665fb2d1ac0"
        },
        {
          "type": "renderModule",
          "assetId": "Ya1Lo3itYxCg",
          "checksum": "d43962e09188d570982549ecc670038a"
        },
        {
          "type": "cssRules",
          "assetId": "Ya1Lo3itYxCg",
          "checksum": "d43962e09188d570982549ecc670038a"
        },
        {
          "type": "renderModule",
          "assetId": "WSo1encmaQLR",
          "checksum": "95d5c7d36de69e4beca8abc214dfde0f"
        },
        {
          "type": "cssRules",
          "assetId": "WSo1encmaQLR",
          "checksum": "95d5c7d36de69e4beca8abc214dfde0f"
        },
        {
          "type": "renderModule",
          "assetId": "Sg4ECxtshw6E",
          "checksum": "9533f4b4fff8b0ce5601dd4b4909efdc"
        },
        {
          "type": "cssRules",
          "assetId": "Sg4ECxtshw6E",
          "checksum": "9533f4b4fff8b0ce5601dd4b4909efdc"
        },
        {
          "type": "renderModule",
          "assetId": "LvzZwu2COXKn",
          "checksum": "3411f1f1268fcb0519494dd4331c92c5"
        },
        {
          "type": "cssRules",
          "assetId": "LvzZwu2COXKn",
          "checksum": "3411f1f1268fcb0519494dd4331c92c5"
        },
        {
          "type": "renderModule",
          "assetId": "D_-29DFy6get",
          "checksum": "a1722b1c0b633f792144f96a48463c70"
        },
        {
          "type": "cssRules",
          "assetId": "D_-29DFy6get",
          "checksum": "a1722b1c0b633f792144f96a48463c70"
        },
        {
          "type": "renderModule",
          "assetId": "fpGcqQ82peL5",
          "checksum": "7e3461dbf38d570fbc7fcf42454a085c"
        },
        {
          "type": "cssRules",
          "assetId": "fpGcqQ82peL5",
          "checksum": "7e3461dbf38d570fbc7fcf42454a085c"
        },
        {
          "type": "renderModule",
          "assetId": "MSMlbw5YAR6C",
          "checksum": "3cc2d42312013290454aa399483210fa"
        },
        {
          "type": "cssRules",
          "assetId": "MSMlbw5YAR6C",
          "checksum": "3cc2d42312013290454aa399483210fa"
        },
        {
          "type": "renderModule",
          "assetId": "AuAxc9cZuA_4",
          "checksum": "f9df81d082dc439054ad2ab0f1267e99"
        },
        {
          "type": "cssRules",
          "assetId": "AuAxc9cZuA_4",
          "checksum": "f9df81d082dc439054ad2ab0f1267e99"
        },
        {
          "type": "renderModule",
          "assetId": "GuyG08-Cxz2f",
          "checksum": "b3340779573ac3b10928188fe1b0f697"
        },
        {
          "type": "cssRules",
          "assetId": "GuyG08-Cxz2f",
          "checksum": "b3340779573ac3b10928188fe1b0f697"
        },
        {
          "type": "icon",
          "assetId": "TE_sY4vbhrOu",
          "checksum": "e0fbace82c917809feaa746ea95ea530"
        },
        {
          "type": "icon",
          "assetId": "0-6OlSUyBVv6",
          "checksum": "fcf535a9f78467ec6068ce8fa78cf42b"
        },
        {
          "type": "icon",
          "assetId": "h_0_6QYFY5gx",
          "checksum": "9be360a505b2e31fe8e0ade79ddc18c1"
        },
        {
          "type": "icon",
          "assetId": "Xm67rv5XIDfl",
          "checksum": "94f6decf1af7ca53902d75c973de838c"
        },
        {
          "type": "icon",
          "assetId": "YW6sjaLFknpv",
          "checksum": "49e94b43a5cc99d4916b52ccc81ea621"
        },
        {
          "type": "icon",
          "assetId": "7It9WrAHne4M",
          "checksum": "93f49d774e85a3465ec37a1e02b3bc89"
        },
        {
          "type": "image",
          "assetId": "FZXOfFi40K58",
          "checksum": "5586556c93650943630fd2e3a0781fbd"
        },
        {
          "type": "image",
          "assetId": "NzqBkp_716yj",
          "checksum": "1dc84fd6252ff69edd55202a17a6a43c"
        },
        {
          "type": "image",
          "assetId": "uFr13WwqSqEi",
          "checksum": "5265818b94e710d1657ceaa8340ad4aa"
        },
        {
          "type": "image",
          "assetId": "PYVfG3PpEE_o",
          "checksum": "dd575e20daefecd0b5dd7d924a597b55"
        },
        {
          "type": "image",
          "assetId": "NAg8Sv-LITss",
          "checksum": "edd41f892a531cba40444041c79b1c08"
        },
        {
          "type": "image",
          "assetId": "1tfEgx-ad-PI",
          "checksum": "94f3b646ec8b8d2ca265ff95827a01db"
        },
        {
          "type": "image",
          "assetId": "ABbvbXN2ogfg",
          "checksum": "c0ca754f2f5512d8852e119bdbe2a1a0"
        },
        {
          "type": "image",
          "assetId": "XJF1nN0eE_6p",
          "checksum": "675d6f9e8e4defe3437f089ccdf7015b"
        },
        {
          "type": "image",
          "assetId": "O_pka7cHprRC",
          "checksum": "5aea85d064b120abdb5af406981c0937"
        },
        {
          "type": "image",
          "assetId": "6Cn5Fim_gpTZ",
          "checksum": "c9e571808db5221fb8bcb7b5bb3bed67"
        },
        {
          "type": "image",
          "assetId": "aAZXFg_mhpTM",
          "checksum": "d96bae18957640f7b31e016ee68c6d90"
        },
        {
          "type": "image",
          "assetId": "xHjHwWycEN8a",
          "checksum": "7ee32973260c60eb95fe542daf261d09"
        },
        {
          "type": "renderModule",
          "assetId": "KxCAyuU4Ni_B",
          "checksum": "a2c954f384b27df6c53d484db63241af"
        },
        {
          "type": "cssRules",
          "assetId": "KxCAyuU4Ni_B",
          "checksum": "a2c954f384b27df6c53d484db63241af"
        },
        {
          "type": "image",
          "assetId": "BQEOhjYA_yoA",
          "checksum": "330e0810d4a3208ad50b74be33e48d00"
        },
        {
          "type": "icon",
          "assetId": "dvykUVSLK6Hm",
          "checksum": "1a13e1ef8c351a60d0014463e97febbe"
        },
        {
          "type": "renderModule",
          "assetId": "CQD8Pxr96jbL",
          "checksum": "512ddce3cfa38e30dfc83d5bca8e1a95"
        },
        {
          "type": "cssRules",
          "assetId": "CQD8Pxr96jbL",
          "checksum": "512ddce3cfa38e30dfc83d5bca8e1a95"
        },
        {
          "type": "renderModule",
          "assetId": "wIkzkfmPeBFp",
          "checksum": "2e60684b27ef0b58f54e4f3da4e9a3b3"
        },
        {
          "type": "cssRules",
          "assetId": "wIkzkfmPeBFp",
          "checksum": "2e60684b27ef0b58f54e4f3da4e9a3b3"
        },
        {
          "type": "image",
          "assetId": "HxGRD9keFXWa",
          "checksum": "16cf7b349ea3b6700a4d26ca5541f5e5"
        },
        {
          "type": "renderModule",
          "assetId": "UX-NN8BUpfNj",
          "checksum": "b1b6cf36fb34ddb22f5c807c872c46b0"
        },
        {
          "type": "cssRules",
          "assetId": "UX-NN8BUpfNj",
          "checksum": "b1b6cf36fb34ddb22f5c807c872c46b0"
        },
        {
          "type": "image",
          "assetId": "o74zC8z3uPhI",
          "checksum": "6cd17da728f6a1fb3f87fc3f7ed514e8"
        },
        {
          "assetId": "sAm7j9mZDvyUmEcguggAEZ",
          "type": "projectCss",
          "checksum": "a44880d1514646af5f1abbbd8519a97c"
        }
      ],
      "codegenVersion": "0.0.1"
    },
    {
      "projectId": "caTPwKxj5ZrD9LQ7DMdK4Z",
      "version": "3.40.0",
      "dependencies": {},
      "lang": "ts",
      "fileLocks": [
        {
          "assetId": "caTPwKxj5ZrD9LQ7DMdK4Z",
          "type": "projectCss",
          "checksum": "1c02168c6b23256606111fdfdbb63549"
        }
      ],
      "codegenVersion": "0.0.1"
    }
  ],
  "cliVersion": "0.1.334"
}
